# THIS IS AN AUTOGENERATED FILE. DO NOT EDIT THIS FILE DIRECTLY.
# yarn lockfile v1


"@solidity-parser/parser@^0.18.0":
  version "0.18.0"
  resolved "https://registry.yarnpkg.com/@solidity-parser/parser/-/parser-0.18.0.tgz#8e77a02a09ecce957255a2f48c9a7178ec191908"
  integrity sha512-yfORGUIPgLck41qyN7nbwJRAx17/jAIXCTanHOJZhB6PJ1iAk/84b/xlsVKFSyNyLXIj0dhppoE0+CRws7wlzA==

prettier-plugin-solidity@^1.4.0:
  version "1.4.0"
  resolved "https://registry.yarnpkg.com/prettier-plugin-solidity/-/prettier-plugin-solidity-1.4.0.tgz#9eaa6e1d380c8d2b58e4c533ee36eda5c65870c1"
  integrity sha512-XXEOjKaY4nC0Hjqv+DMo+A7ZNbS70jil0phl1mdMAbKf45pkxfhPXrNBMDSWsTYTldwSX+8JOwsUynO3enVc5A==
  dependencies:
    "@solidity-parser/parser" "^0.18.0"
    semver "^7.5.4"

prettier@^3.3.3:
  version "3.3.3"
  resolved "https://registry.yarnpkg.com/prettier/-/prettier-3.3.3.tgz#30c54fe0be0d8d12e6ae61dbb10109ea00d53105"
  integrity sha512-i2tDNA0O5IrMO757lfrdQZCc2jPNDVntV0m/+4whiDfWaTKfMNgR7Qz0NAeGz/nRqF4m5/6CLzbP4/liHt12Ew==

semver@^7.5.4:
  version "7.6.2"
  resolved "https://registry.yarnpkg.com/semver/-/semver-7.6.2.tgz#1e3b34759f896e8f14d6134732ce798aeb0c6e13"
  integrity sha512-FNAIBWCx9qcRhoHcgcJ0gvU7SN1lYU2ZXuSfl04bSC5OpvDHFyJCjdNHomPXxjQlCBU67YW64PzY7/VIEH7F2w==
